
Microsoft Visual Studio Solution File, Format Version 12.00
Project("{FAE04EC0-301F-11D3-BF4B-00C04F79EFBC}") = "UserService", "UserService\UserService.csproj", "{2C239E7A-C1B9-4AFF-864D-188A836E9BA0}"
EndProject
Project("{FAE04EC0-301F-11D3-BF4B-00C04F79EFBC}") = "TaskService", "TaskService\TaskService.csproj", "{E7B32806-5E6F-4798-B42A-2538D007E4EC}"
EndProject
Project("{FAE04EC0-301F-11D3-BF4B-00C04F79EFBC}") = "NotificationService", "NotificationService\NotificationService.csproj", "{303A5F29-64E2-4CB9-B8ED-DFA0847383A6}"
EndProject
Project("{FAE04EC0-301F-11D3-BF4B-00C04F79EFBC}") = "TaskManagementClient", "TaskManagementClient\TaskManagementClient.csproj", "{F479C0AB-DCC4-4B69-8652-FBBED780BA5A}"
EndProject
Project("{2150E333-8FDC-42A3-9474-1A3956D46DE8}") = "UnitTests", "UnitTests", "{A4440855-58C4-4C46-8C32-5605128110E1}"
EndProject
Project("{FAE04EC0-301F-11D3-BF4B-00C04F79EFBC}") = "UserServiceTest", "UserServiceTest\UserServiceTest.csproj", "{ADDB8D0B-4919-40FC-92BF-F2E7709E61AA}"
EndProject
Global
	GlobalSection(SolutionConfigurationPlatforms) = preSolution
		Debug|Any CPU = Debug|Any CPU
		Release|Any CPU = Release|Any CPU
	EndGlobalSection
	GlobalSection(ProjectConfigurationPlatforms) = postSolution
		{2C239E7A-C1B9-4AFF-864D-188A836E9BA0}.Debug|Any CPU.ActiveCfg = Debug|Any CPU
		{2C239E7A-C1B9-4AFF-864D-188A836E9BA0}.Debug|Any CPU.Build.0 = Debug|Any CPU
		{2C239E7A-C1B9-4AFF-864D-188A836E9BA0}.Release|Any CPU.ActiveCfg = Release|Any CPU
		{2C239E7A-C1B9-4AFF-864D-188A836E9BA0}.Release|Any CPU.Build.0 = Release|Any CPU
		{E7B32806-5E6F-4798-B42A-2538D007E4EC}.Debug|Any CPU.ActiveCfg = Debug|Any CPU
		{E7B32806-5E6F-4798-B42A-2538D007E4EC}.Debug|Any CPU.Build.0 = Debug|Any CPU
		{E7B32806-5E6F-4798-B42A-2538D007E4EC}.Release|Any CPU.ActiveCfg = Release|Any CPU
		{E7B32806-5E6F-4798-B42A-2538D007E4EC}.Release|Any CPU.Build.0 = Release|Any CPU
		{303A5F29-64E2-4CB9-B8ED-DFA0847383A6}.Debug|Any CPU.ActiveCfg = Debug|Any CPU
		{303A5F29-64E2-4CB9-B8ED-DFA0847383A6}.Debug|Any CPU.Build.0 = Debug|Any CPU
		{303A5F29-64E2-4CB9-B8ED-DFA0847383A6}.Release|Any CPU.ActiveCfg = Release|Any CPU
		{303A5F29-64E2-4CB9-B8ED-DFA0847383A6}.Release|Any CPU.Build.0 = Release|Any CPU
		{F479C0AB-DCC4-4B69-8652-FBBED780BA5A}.Debug|Any CPU.ActiveCfg = Debug|Any CPU
		{F479C0AB-DCC4-4B69-8652-FBBED780BA5A}.Debug|Any CPU.Build.0 = Debug|Any CPU
		{F479C0AB-DCC4-4B69-8652-FBBED780BA5A}.Release|Any CPU.ActiveCfg = Release|Any CPU
		{F479C0AB-DCC4-4B69-8652-FBBED780BA5A}.Release|Any CPU.Build.0 = Release|Any CPU
		{ADDB8D0B-4919-40FC-92BF-F2E7709E61AA}.Debug|Any CPU.ActiveCfg = Debug|Any CPU
		{ADDB8D0B-4919-40FC-92BF-F2E7709E61AA}.Debug|Any CPU.Build.0 = Debug|Any CPU
		{ADDB8D0B-4919-40FC-92BF-F2E7709E61AA}.Release|Any CPU.ActiveCfg = Release|Any CPU
		{ADDB8D0B-4919-40FC-92BF-F2E7709E61AA}.Release|Any CPU.Build.0 = Release|Any CPU
	EndGlobalSection
	GlobalSection(NestedProjects) = preSolution
		{ADDB8D0B-4919-40FC-92BF-F2E7709E61AA} = {A4440855-58C4-4C46-8C32-5605128110E1}
	EndGlobalSection
EndGlobal
